{"version":4,"terraform_version":"1.9.0","serial":1,"lineage":"3c78a4a2-7ef3-2d0a-642d-f534dbbd408f","outputs":{},"resources":[{"mode":"managed","type":"docker_container","name":"hello_flask","provider":"provider[\"registry.opentofu.org/kreuzwerker/docker\"]","instances":[{"schema_version":2,"attributes":{"attach":false,"bridge":"","capabilities":[],"cgroupns_mode":null,"command":["python","./app.py"],"container_logs":null,"container_read_refresh_timeout_milliseconds":15000,"cpu_set":"","cpu_shares":0,"destroy_grace_seconds":null,"devices":[],"dns":null,"dns_opts":null,"dns_search":null,"domainname":"","entrypoint":[],"env":[],"exit_code":null,"gpus":null,"group_add":null,"healthcheck":null,"host":[],"hostname":"c3dc98efab9d","id":"c3dc98efab9dad0f9dafd7f0dfabf9492ad6cf9146bb3b44decd7230c63969f7","image":"sha256:a194603ca866d3ddc2715186b98c747926a8944445bc4f36e5cd302da1a8d948","init":false,"ipc_mode":"private","labels":[],"log_driver":"json-file","log_opts":null,"logs":false,"max_retry_count":0,"memory":0,"memory_swap":0,"mounts":[],"must_run":true,"name":"helloflask","network_data":[{"gateway":"172.17.0.1","global_ipv6_address":"","global_ipv6_prefix_length":0,"ip_address":"172.17.0.2","ip_prefix_length":16,"ipv6_gateway":"","mac_address":"02:42:ac:11:00:02","network_name":"bridge"}],"network_mode":"default","networks_advanced":[],"pid_mode":"","ports":[{"external":80,"internal":8000,"ip":"0.0.0.0","protocol":"tcp"}],"privileged":false,"publish_all_ports":false,"read_only":false,"remove_volumes":true,"restart":"no","rm":false,"runtime":"runc","security_opts":[],"shm_size":64,"start":true,"stdin_open":false,"stop_signal":"","stop_timeout":0,"storage_opts":null,"sysctls":null,"tmpfs":null,"tty":false,"ulimit":[],"upload":[],"user":"","userns_mode":"","volumes":[],"wait":false,"wait_timeout":60,"working_dir":"/usr/src/app"},"sensitive_attributes":[],"private":"eyJzY2hlbWFfdmVyc2lvbiI6IjIifQ==","dependencies":["docker_image.helloflask"]}]},{"mode":"managed","type":"docker_image","name":"helloflask","provider":"provider[\"registry.opentofu.org/kreuzwerker/docker\"]","instances":[{"schema_version":0,"attributes":{"build":[],"force_remove":null,"id":"sha256:a194603ca866d3ddc2715186b98c747926a8944445bc4f36e5cd302da1a8d948swatimodi/helloflask","image_id":"sha256:a194603ca866d3ddc2715186b98c747926a8944445bc4f36e5cd302da1a8d948","keep_locally":null,"name":"swatimodi/helloflask","platform":null,"pull_triggers":null,"repo_digest":"swatimodi/helloflask@sha256:f9a64f0984309142bcbc46a93bb2f2dc5a7c7482d8b5ab99b093c0848e58a3c8","triggers":null},"sensitive_attributes":[],"private":"bnVsbA=="}]}],"check_results":null}
